# This file is autogenerated, do not edit; changes may be undone by the next 'dep ensure'.


[[projects]]
  name = "github.com/pkg/errors"
  packages = ["."]
  revision = "645ef00459ed84a119197bfb8d8205042c6df63d"
  version = "v0.8.0"

[[projects]]
  branch = "master"
  name = "gitlab.com/tokend/keypair"
  packages = [
    ".",
    "internal",
    "internal/crc16",
    "internal/strkey"
  ]
  revision = "c148f15306edac6a1ad994d8b218e8ae61a0b2c1"

[[projects]]
  branch = "master"
  name = "golang.org/x/crypto"
  packages = [
    "ed25519",
    "ed25519/internal/edwards25519"
  ]
  revision = "2d027ae1dddd4694d54f7a8b6cbe78dca8720226"

[solve-meta]
  analyzer-name = "dep"
  analyzer-version = 1
  inputs-digest = "946d454d2dee4ebc0634c0bdec0642a9f86aef30123bed144c069086b1a4e211"
  solver-name = "gps-cdcl"
  solver-version = 1
